
Microsoft Visual Studio Solution File, Format Version 12.00
# Visual Studio Version 17
VisualStudioVersion = 17.7.34031.279
MinimumVisualStudioVersion = 10.0.40219.1
Project("{FAE04EC0-301F-11D3-BF4B-00C04F79EFBC}") = "ckoropechatanie", "ckoropechatanie\ckoropechatanie.csproj", "{131FE670-27A3-40B7-B325-FA7AA5741469}"
EndProject
Global
	GlobalSection(SolutionConfigurationPlatforms) = preSolution
		Debug|Any CPU = Debug|Any CPU
		Release|Any CPU = Release|Any CPU
	EndGlobalSection
	GlobalSection(ProjectConfigurationPlatforms) = postSolution
		{131FE670-27A3-40B7-B325-FA7AA5741469}.Debug|Any CPU.ActiveCfg = Debug|Any CPU
		{131FE670-27A3-40B7-B325-FA7AA5741469}.Debug|Any CPU.Build.0 = Debug|Any CPU
		{131FE670-27A3-40B7-B325-FA7AA5741469}.Release|Any CPU.ActiveCfg = Release|Any CPU
		{131FE670-27A3-40B7-B325-FA7AA5741469}.Release|Any CPU.Build.0 = Release|Any CPU
	EndGlobalSection
	GlobalSection(SolutionProperties) = preSolution
		HideSolutionNode = FALSE
	EndGlobalSection
	GlobalSection(ExtensibilityGlobals) = postSolution
		SolutionGuid = {C5C9DACC-5EF2-4CCC-AB77-9FA58C6E525D}
	EndGlobalSection
EndGlobal
